Microsoft Visual Studio Solution File, Format Version 12.00
# Visual Studio Version 17
VisualStudioVersion = 17.5.2.0
MinimumVisualStudioVersion = 10.0.40219.1
Project("{FAE04EC0-301F-11D3-BF4B-00C04F79EFBC}") = "proyectoequipo.ORM", "proyectoequipo.ORM.csproj", "{42378443-FD5F-6D08-65CC-E33CC92D7E42}"
EndProject
Global
	GlobalSection(SolutionConfigurationPlatforms) = preSolution
		Debug|Any CPU = Debug|Any CPU
		Release|Any CPU = Release|Any CPU
	EndGlobalSection
	GlobalSection(ProjectConfigurationPlatforms) = postSolution
		{42378443-FD5F-6D08-65CC-E33CC92D7E42}.Debug|Any CPU.ActiveCfg = Debug|Any CPU
		{42378443-FD5F-6D08-65CC-E33CC92D7E42}.Debug|Any CPU.Build.0 = Debug|Any CPU
		{42378443-FD5F-6D08-65CC-E33CC92D7E42}.Release|Any CPU.ActiveCfg = Release|Any CPU
		{42378443-FD5F-6D08-65CC-E33CC92D7E42}.Release|Any CPU.Build.0 = Release|Any CPU
	EndGlobalSection
	GlobalSection(SolutionProperties) = preSolution
		HideSolutionNode = FALSE
	EndGlobalSection
	GlobalSection(ExtensibilityGlobals) = postSolution
		SolutionGuid = {E78D474E-D640-44EB-8F2F-BB844FC7ED8D}
	EndGlobalSection
EndGlobal
